{
    "_meta": {
        "hash": {
            "sha256": "7ac92db2189e6c88b6935ba3b1784c58a6be2816e5a356a8252f0491eddf2fae"
        },
        "pipfile-spec": 6,
        "requires": {
            "python_version": "3.11"
        },
        "sources": [
            {
                "name": "pypi",
                "url": "https://pypi.org/simple",
                "verify_ssl": true
            }
        ]
    },
    "default": {
        "asgiref": {
            "hashes": [
                "sha256:89b2ef2247e3b562a16eef663bc0e2e703ec6468e2fa8a5cd61cd449786d4f6e",
                "sha256:9e0ce3aa93a819ba5b45120216b23878cf6e8525eb3848653452b4192b92afed"
            ],
            "markers": "python_version >= '3.7'",
            "version": "==3.7.2"
        },
        "certifi": {
            "hashes": [
                "sha256:9b469f3a900bf28dc19b8cfbf8019bf47f7fdd1a65a1d4ffb98fc14166beb4d1",
                "sha256:e036ab49d5b79556f99cfc2d9320b34cfbe5be05c5871b51de9329f0603b0474"
            ],
            "markers": "python_version >= '3.6'",
            "version": "==2023.11.17"
        },
        "distlib": {
            "hashes": [
                "sha256:2e24928bc811348f0feb63014e97aaae3037f2cf48712d51ae61df7fd6075057",
                "sha256:9dafe54b34a028eafd95039d5e5d4851a13734540f1331060d31c9916e7147a8"
            ],
            "version": "==0.3.7"
        },
        "django": {
            "hashes": [
                "sha256:59304646ebc6a77b9b6a59adc67d51ecb03c5e3d63ed1f14c909cdfda84e8010",
                "sha256:d5a8a14da819a8b9237ee4d8c78dfe056ff6e8a7511987be627192225113ee75"
            ],
            "index": "pypi",
            "markers": "python_version >= '3.8'",
            "version": "==4.0"
        },
        "filelock": {
            "hashes": [
                "sha256:521f5f56c50f8426f5e03ad3b281b490a87ef15bc6c526f168290f0c7148d44e",
                "sha256:57dbda9b35157b05fb3e58ee91448612eb674172fab98ee235ccb0b5bee19a1c"
            ],
            "markers": "python_version >= '3.8'",
            "version": "==3.13.1"
        },
        "pipenv": {
            "hashes": [
                "sha256:6eb537da5a27671f71dc596ea96a5b341aae9a1695413beeb95364467409bb3d",
                "sha256:f587ffff47e8aa76f17803d571f64cf5a24b2bdfb9334435e6528b22ad5e304f"
            ],
            "index": "pypi",
            "markers": "python_version >= '3.8'",
            "version": "==2023.11.15"
        },
        "platformdirs": {
            "hashes": [
                "sha256:11c8f37bcca40db96d8144522d925583bdb7a31f7b0e37e3ed4318400a8e2380",
                "sha256:906d548203468492d432bcb294d4bc2fff751bf84971fbb2c10918cc206ee420"
            ],
            "markers": "python_version >= '3.8'",
            "version": "==4.1.0"
        },
        "setuptools": {
            "hashes": [
                "sha256:1e8fdff6797d3865f37397be788a4e3cba233608e9b509382a2777d25ebde7f2",
                "sha256:735896e78a4742605974de002ac60562d286fa8051a7e2299445e8e8fbb01aa6"
            ],
            "markers": "python_version >= '3.8'",
            "version": "==69.0.2"
        },
        "sqlparse": {
            "hashes": [
                "sha256:5430a4fe2ac7d0f93e66f1efc6e1338a41884b7ddf2a350cedd20ccc4d9d28f3",
                "sha256:d446183e84b8349fa3061f0fe7f06ca94ba65b426946ffebe6e3e8295332420c"
            ],
            "markers": "python_version >= '3.5'",
            "version": "==0.4.4"
        },
        "virtualenv": {
            "hashes": [
                "sha256:4238949c5ffe6876362d9c0180fc6c3a824a7b12b80604eeb8085f2ed7460de3",
                "sha256:bf51c0d9c7dd63ea8e44086fa1e4fb1093a31e963b86959257378aef020e1f1b"
            ],
            "markers": "python_version >= '3.7'",
            "version": "==20.25.0"
        }
    },
    "develop": {}
}
